
Microsoft Visual Studio Solution File, Format Version 12.00
# Visual Studio 15
VisualStudioVersion = 15.0.27130.2027
MinimumVisualStudioVersion = 10.0.40219.1
Project("{FAE04EC0-301F-11D3-BF4B-00C04F79EFBC}") = "ConsoleApp1", "ConsoleApp1\ConsoleApp1.csproj", "{C70C13EA-D0D8-446E-B1B7-430CCD083077}"
EndProject
Global
	GlobalSection(SolutionConfigurationPlatforms) = preSolution
		Debug|Any CPU = Debug|Any CPU
		Release|Any CPU = Release|Any CPU
	EndGlobalSection
	GlobalSection(ProjectConfigurationPlatforms) = postSolution
		{C70C13EA-D0D8-446E-B1B7-430CCD083077}.Debug|Any CPU.ActiveCfg = Debug|Any CPU
		{C70C13EA-D0D8-446E-B1B7-430CCD083077}.Debug|Any CPU.Build.0 = Debug|Any CPU
		{C70C13EA-D0D8-446E-B1B7-430CCD083077}.Release|Any CPU.ActiveCfg = Release|Any CPU
		{C70C13EA-D0D8-446E-B1B7-430CCD083077}.Release|Any CPU.Build.0 = Release|Any CPU
	EndGlobalSection
	GlobalSection(SolutionProperties) = preSolution
		HideSolutionNode = FALSE
	EndGlobalSection
	GlobalSection(ExtensibilityGlobals) = postSolution
		SolutionGuid = {BCCA38DB-2733-42EF-97D7-EE9B9811F34E}
	EndGlobalSection
EndGlobal
